
Microsoft Visual Studio Solution File, Format Version 12.00
# Visual Studio Version 17
VisualStudioVersion = 17.13.35825.156 d17.13
MinimumVisualStudioVersion = 10.0.40219.1
Project("{FAE04EC0-301F-11D3-BF4B-00C04F79EFBC}") = "WebAPIEntregaContinua", "WebAPIEntregaContinua\WebAPIEntregaContinua.csproj", "{27CA2379-8750-43D0-840F-6821144BDBD8}"
EndProject
Project("{FAE04EC0-301F-11D3-BF4B-00C04F79EFBC}") = "TestEntregaContinua", "..\TestEntregaContinua\TestEntregaContinua.csproj", "{161588B3-ACCE-429F-B759-816588FF42C2}"
EndProject
Global
	GlobalSection(SolutionConfigurationPlatforms) = preSolution
		Debug|Any CPU = Debug|Any CPU
		Release|Any CPU = Release|Any CPU
	EndGlobalSection
	GlobalSection(ProjectConfigurationPlatforms) = postSolution
		{27CA2379-8750-43D0-840F-6821144BDBD8}.Debug|Any CPU.ActiveCfg = Debug|Any CPU
		{27CA2379-8750-43D0-840F-6821144BDBD8}.Debug|Any CPU.Build.0 = Debug|Any CPU
		{27CA2379-8750-43D0-840F-6821144BDBD8}.Release|Any CPU.ActiveCfg = Release|Any CPU
		{27CA2379-8750-43D0-840F-6821144BDBD8}.Release|Any CPU.Build.0 = Release|Any CPU
		{161588B3-ACCE-429F-B759-816588FF42C2}.Debug|Any CPU.ActiveCfg = Debug|Any CPU
		{161588B3-ACCE-429F-B759-816588FF42C2}.Debug|Any CPU.Build.0 = Debug|Any CPU
		{161588B3-ACCE-429F-B759-816588FF42C2}.Release|Any CPU.ActiveCfg = Release|Any CPU
		{161588B3-ACCE-429F-B759-816588FF42C2}.Release|Any CPU.Build.0 = Release|Any CPU
	EndGlobalSection
	GlobalSection(SolutionProperties) = preSolution
		HideSolutionNode = FALSE
	EndGlobalSection
	GlobalSection(ExtensibilityGlobals) = postSolution
		SolutionGuid = {024C81F4-EB96-4E66-886C-26A7D97D27E3}
	EndGlobalSection
EndGlobal
